
Microsoft Visual Studio Solution File, Format Version 12.00
# Visual Studio Version 17
VisualStudioVersion = 17.0.32112.339
MinimumVisualStudioVersion = 10.0.40219.1
Project("{FAE04EC0-301F-11D3-BF4B-00C04F79EFBC}") = "Here_Messanger", "Here_Messanger.csproj", "{E0424EC2-19D0-4CC8-BE0C-05BE6BB74108}"
EndProject
Global
	GlobalSection(SolutionConfigurationPlatforms) = preSolution
		Debug|Any CPU = Debug|Any CPU
		Release|Any CPU = Release|Any CPU
	EndGlobalSection
	GlobalSection(ProjectConfigurationPlatforms) = postSolution
		{E0424EC2-19D0-4CC8-BE0C-05BE6BB74108}.Debug|Any CPU.ActiveCfg = Debug|Any CPU
		{E0424EC2-19D0-4CC8-BE0C-05BE6BB74108}.Debug|Any CPU.Build.0 = Debug|Any CPU
		{E0424EC2-19D0-4CC8-BE0C-05BE6BB74108}.Debug|Any CPU.Deploy.0 = Debug|Any CPU
		{E0424EC2-19D0-4CC8-BE0C-05BE6BB74108}.Release|Any CPU.ActiveCfg = Release|Any CPU
		{E0424EC2-19D0-4CC8-BE0C-05BE6BB74108}.Release|Any CPU.Build.0 = Release|Any CPU
		{E0424EC2-19D0-4CC8-BE0C-05BE6BB74108}.Release|Any CPU.Deploy.0 = Release|Any CPU
	EndGlobalSection
	GlobalSection(SolutionProperties) = preSolution
		HideSolutionNode = FALSE
	EndGlobalSection
	GlobalSection(ExtensibilityGlobals) = postSolution
		SolutionGuid = {5A700B6D-89BF-42E8-9E35-7F9435518CB0}
	EndGlobalSection
EndGlobal
